
Microsoft Visual Studio Solution File, Format Version 12.00
# Visual Studio Version 17
VisualStudioVersion = 17.9.34622.214
MinimumVisualStudioVersion = 10.0.40219.1
Project("{8BC9CEB8-8B4A-11D0-8D11-00A0C91BC942}") = "시연용파일", "시연용파일\시연용파일.vcxproj", "{A5FE6BBE-C1D5-41BA-BCDF-B0AE6CA1249F}"
EndProject
Global
	GlobalSection(SolutionConfigurationPlatforms) = preSolution
		Debug|x64 = Debug|x64
		Debug|x86 = Debug|x86
		Release|x64 = Release|x64
		Release|x86 = Release|x86
	EndGlobalSection
	GlobalSection(ProjectConfigurationPlatforms) = postSolution
		{A5FE6BBE-C1D5-41BA-BCDF-B0AE6CA1249F}.Debug|x64.ActiveCfg = Debug|x64
		{A5FE6BBE-C1D5-41BA-BCDF-B0AE6CA1249F}.Debug|x64.Build.0 = Debug|x64
		{A5FE6BBE-C1D5-41BA-BCDF-B0AE6CA1249F}.Debug|x86.ActiveCfg = Debug|Win32
		{A5FE6BBE-C1D5-41BA-BCDF-B0AE6CA1249F}.Debug|x86.Build.0 = Debug|Win32
		{A5FE6BBE-C1D5-41BA-BCDF-B0AE6CA1249F}.Release|x64.ActiveCfg = Release|x64
		{A5FE6BBE-C1D5-41BA-BCDF-B0AE6CA1249F}.Release|x64.Build.0 = Release|x64
		{A5FE6BBE-C1D5-41BA-BCDF-B0AE6CA1249F}.Release|x86.ActiveCfg = Release|Win32
		{A5FE6BBE-C1D5-41BA-BCDF-B0AE6CA1249F}.Release|x86.Build.0 = Release|Win32
	EndGlobalSection
	GlobalSection(SolutionProperties) = preSolution
		HideSolutionNode = FALSE
	EndGlobalSection
	GlobalSection(ExtensibilityGlobals) = postSolution
		SolutionGuid = {782C6549-5047-4566-9C97-6AC428BAD7C6}
	EndGlobalSection
EndGlobal
